
Microsoft Visual Studio Solution File, Format Version 12.00
# Visual Studio 14
VisualStudioVersion = 14.0.25420.1
MinimumVisualStudioVersion = 10.0.40219.1
Project("{F14B399A-7131-4C87-9E4B-1186C45EF12D}") = "Reports", "Reports\Reports.rptproj", "{C34F364A-4185-4B77-A598-F7682FE6DFC9}"
EndProject
Global
	GlobalSection(SolutionConfigurationPlatforms) = preSolution
		Debug|Default = Debug|Default
		DebugLocal|Default = DebugLocal|Default
		Release|Default = Release|Default
	EndGlobalSection
	GlobalSection(ProjectConfigurationPlatforms) = postSolution
		{C34F364A-4185-4B77-A598-F7682FE6DFC9}.Debug|Default.ActiveCfg = Debug
		{C34F364A-4185-4B77-A598-F7682FE6DFC9}.Debug|Default.Build.0 = Debug
		{C34F364A-4185-4B77-A598-F7682FE6DFC9}.Debug|Default.Deploy.0 = Debug
		{C34F364A-4185-4B77-A598-F7682FE6DFC9}.DebugLocal|Default.ActiveCfg = DebugLocal
		{C34F364A-4185-4B77-A598-F7682FE6DFC9}.DebugLocal|Default.Build.0 = DebugLocal
		{C34F364A-4185-4B77-A598-F7682FE6DFC9}.Release|Default.ActiveCfg = Release
		{C34F364A-4185-4B77-A598-F7682FE6DFC9}.Release|Default.Build.0 = Release
		{C34F364A-4185-4B77-A598-F7682FE6DFC9}.Release|Default.Deploy.0 = Release
	EndGlobalSection
	GlobalSection(SolutionProperties) = preSolution
		HideSolutionNode = FALSE
	EndGlobalSection
EndGlobal
