
Microsoft Visual Studio Solution File, Format Version 12.00
# Visual Studio 15
VisualStudioVersion = 15.0.26730.16
MinimumVisualStudioVersion = 10.0.40219.1
Project("{FAE04EC0-301F-11D3-BF4B-00C04F79EFBC}") = "MakePayroll", "Payroll\MakePayroll.csproj", "{3579FFB2-425A-4927-A6DE-F4F87826CE27}"
EndProject
Global
	GlobalSection(SolutionConfigurationPlatforms) = preSolution
		Debug|Any CPU = Debug|Any CPU
		Release|Any CPU = Release|Any CPU
	EndGlobalSection
	GlobalSection(ProjectConfigurationPlatforms) = postSolution
		{3579FFB2-425A-4927-A6DE-F4F87826CE27}.Debug|Any CPU.ActiveCfg = Debug|Any CPU
		{3579FFB2-425A-4927-A6DE-F4F87826CE27}.Debug|Any CPU.Build.0 = Debug|Any CPU
		{3579FFB2-425A-4927-A6DE-F4F87826CE27}.Release|Any CPU.ActiveCfg = Release|Any CPU
		{3579FFB2-425A-4927-A6DE-F4F87826CE27}.Release|Any CPU.Build.0 = Release|Any CPU
	EndGlobalSection
	GlobalSection(SolutionProperties) = preSolution
		HideSolutionNode = FALSE
	EndGlobalSection
	GlobalSection(ExtensibilityGlobals) = postSolution
		EnterpriseLibraryConfigurationToolBinariesPath = packages\Unity.2.1.505.0\lib\NET35
		SolutionGuid = {4D1A04C6-C1E8-4C84-BA68-BC2F1E860782}
	EndGlobalSection
EndGlobal
